# THIS IS AN AUTOGENERATED FILE. DO NOT EDIT THIS FILE DIRECTLY.
# yarn lockfile v1


components@^0.1.0:
  version "0.1.0"
  resolved "https://registry.yarnpkg.com/components/-/components-0.1.0.tgz#2057c08e9c7bf2662feec95c49e5ff2a9ab85ed5"
  integrity sha512-4xKUO3dL9LBs8WiOKy2kvLfnwKZLps9xDT5cFS0GL4UiXrr/dNUYus7Uf1bRPG66cUpEmwFAWVOlE9cxQgG+QA==

style@^0.0.3:
  version "0.0.3"
  resolved "https://registry.yarnpkg.com/style/-/style-0.0.3.tgz#a2d7989a9e010101f2bc4d287cff3b45cfbb5837"
  integrity sha512-HDhQ0NTbt7xR9jj9b5zWTelA9iHbg8PtdarlceLzMMQ2gEZjd/Rpmd8PJzkxey5q/fC0cwFKJ18BmW9KGmRTcA==
